
Microsoft Visual Studio Solution File, Format Version 12.00
# Visual Studio Version 17
VisualStudioVersion = 17.13.35919.96 d17.13
MinimumVisualStudioVersion = 10.0.40219.1
Project("{FAE04EC0-301F-11D3-BF4B-00C04F79EFBC}") = "Smart Home GUI", "Smart Home GUI\Smart Home GUI.csproj", "{8C13A312-4F70-4193-8C9D-CFBC90F516D7}"
EndProject
Global
	GlobalSection(SolutionConfigurationPlatforms) = preSolution
		Debug|Any CPU = Debug|Any CPU
		Release|Any CPU = Release|Any CPU
	EndGlobalSection
	GlobalSection(ProjectConfigurationPlatforms) = postSolution
		{8C13A312-4F70-4193-8C9D-CFBC90F516D7}.Debug|Any CPU.ActiveCfg = Debug|Any CPU
		{8C13A312-4F70-4193-8C9D-CFBC90F516D7}.Debug|Any CPU.Build.0 = Debug|Any CPU
		{8C13A312-4F70-4193-8C9D-CFBC90F516D7}.Release|Any CPU.ActiveCfg = Release|Any CPU
		{8C13A312-4F70-4193-8C9D-CFBC90F516D7}.Release|Any CPU.Build.0 = Release|Any CPU
	EndGlobalSection
	GlobalSection(SolutionProperties) = preSolution
		HideSolutionNode = FALSE
	EndGlobalSection
	GlobalSection(ExtensibilityGlobals) = postSolution
		SolutionGuid = {475C84D3-B5F6-40F0-AC11-77BA404193A8}
	EndGlobalSection
EndGlobal
